
Microsoft Visual Studio Solution File, Format Version 12.00
# Visual Studio Version 17
VisualStudioVersion = 17.12.35707.178 d17.12
MinimumVisualStudioVersion = 10.0.40219.1
Project("{FAE04EC0-301F-11D3-BF4B-00C04F79EFBC}") = "Lab2.DataAccess", "Lab2.DataAccess\Lab2.DataAccess.csproj", "{34B112F9-7610-44A5-B1F3-1253B3DFB1F9}"
EndProject
Project("{FAE04EC0-301F-11D3-BF4B-00C04F79EFBC}") = "Lab2.Console", "Lab2.Console\Lab2.Console.csproj", "{956FF78F-13D9-474D-9059-47C3112B2ACB}"
EndProject
Global
	GlobalSection(SolutionConfigurationPlatforms) = preSolution
		Debug|Any CPU = Debug|Any CPU
		Release|Any CPU = Release|Any CPU
	EndGlobalSection
	GlobalSection(ProjectConfigurationPlatforms) = postSolution
		{34B112F9-7610-44A5-B1F3-1253B3DFB1F9}.Debug|Any CPU.ActiveCfg = Debug|Any CPU
		{34B112F9-7610-44A5-B1F3-1253B3DFB1F9}.Debug|Any CPU.Build.0 = Debug|Any CPU
		{34B112F9-7610-44A5-B1F3-1253B3DFB1F9}.Release|Any CPU.ActiveCfg = Release|Any CPU
		{34B112F9-7610-44A5-B1F3-1253B3DFB1F9}.Release|Any CPU.Build.0 = Release|Any CPU
		{956FF78F-13D9-474D-9059-47C3112B2ACB}.Debug|Any CPU.ActiveCfg = Debug|Any CPU
		{956FF78F-13D9-474D-9059-47C3112B2ACB}.Debug|Any CPU.Build.0 = Debug|Any CPU
		{956FF78F-13D9-474D-9059-47C3112B2ACB}.Release|Any CPU.ActiveCfg = Release|Any CPU
		{956FF78F-13D9-474D-9059-47C3112B2ACB}.Release|Any CPU.Build.0 = Release|Any CPU
	EndGlobalSection
	GlobalSection(SolutionProperties) = preSolution
		HideSolutionNode = FALSE
	EndGlobalSection
EndGlobal
